
Microsoft Visual Studio Solution File, Format Version 12.00
# Visual Studio Version 16
VisualStudioVersion = 16.0.32407.337
MinimumVisualStudioVersion = 10.0.40219.1
Project("{FAE04EC0-301F-11D3-BF4B-00C04F79EFBC}") = "Task_8", "Task_8.csproj", "{B2BE6B40-59A2-4930-A2D8-D50B9DB2A8E5}"
EndProject
Global
	GlobalSection(SolutionConfigurationPlatforms) = preSolution
		Debug|Any CPU = Debug|Any CPU
		Release|Any CPU = Release|Any CPU
	EndGlobalSection
	GlobalSection(ProjectConfigurationPlatforms) = postSolution
		{B2BE6B40-59A2-4930-A2D8-D50B9DB2A8E5}.Debug|Any CPU.ActiveCfg = Debug|Any CPU
		{B2BE6B40-59A2-4930-A2D8-D50B9DB2A8E5}.Debug|Any CPU.Build.0 = Debug|Any CPU
		{B2BE6B40-59A2-4930-A2D8-D50B9DB2A8E5}.Release|Any CPU.ActiveCfg = Release|Any CPU
		{B2BE6B40-59A2-4930-A2D8-D50B9DB2A8E5}.Release|Any CPU.Build.0 = Release|Any CPU
	EndGlobalSection
	GlobalSection(SolutionProperties) = preSolution
		HideSolutionNode = FALSE
	EndGlobalSection
	GlobalSection(ExtensibilityGlobals) = postSolution
		SolutionGuid = {D591BDB6-2EF0-4F81-A406-EBF7D42F05F7}
	EndGlobalSection
EndGlobal
